
Microsoft Visual Studio Solution File, Format Version 12.00
# Visual Studio 14
VisualStudioVersion = 14.0.25420.1
MinimumVisualStudioVersion = 10.0.40219.1
Project("{FAE04EC0-301F-11D3-BF4B-00C04F79EFBC}") = "Lengendary Layout Challenge", "Lengendary Layout Challenge\Lengendary Layout Challenge.csproj", "{B52297E1-20A0-4E73-8AE9-F8EBB07BE0CE}"
EndProject
Global
	GlobalSection(SolutionConfigurationPlatforms) = preSolution
		Debug|ARM = Debug|ARM
		Debug|x64 = Debug|x64
		Debug|x86 = Debug|x86
		Release|ARM = Release|ARM
		Release|x64 = Release|x64
		Release|x86 = Release|x86
	EndGlobalSection
	GlobalSection(ProjectConfigurationPlatforms) = postSolution
		{B52297E1-20A0-4E73-8AE9-F8EBB07BE0CE}.Debug|ARM.ActiveCfg = Debug|ARM
		{B52297E1-20A0-4E73-8AE9-F8EBB07BE0CE}.Debug|ARM.Build.0 = Debug|ARM
		{B52297E1-20A0-4E73-8AE9-F8EBB07BE0CE}.Debug|ARM.Deploy.0 = Debug|ARM
		{B52297E1-20A0-4E73-8AE9-F8EBB07BE0CE}.Debug|x64.ActiveCfg = Debug|x64
		{B52297E1-20A0-4E73-8AE9-F8EBB07BE0CE}.Debug|x64.Build.0 = Debug|x64
		{B52297E1-20A0-4E73-8AE9-F8EBB07BE0CE}.Debug|x64.Deploy.0 = Debug|x64
		{B52297E1-20A0-4E73-8AE9-F8EBB07BE0CE}.Debug|x86.ActiveCfg = Debug|x86
		{B52297E1-20A0-4E73-8AE9-F8EBB07BE0CE}.Debug|x86.Build.0 = Debug|x86
		{B52297E1-20A0-4E73-8AE9-F8EBB07BE0CE}.Debug|x86.Deploy.0 = Debug|x86
		{B52297E1-20A0-4E73-8AE9-F8EBB07BE0CE}.Release|ARM.ActiveCfg = Release|ARM
		{B52297E1-20A0-4E73-8AE9-F8EBB07BE0CE}.Release|ARM.Build.0 = Release|ARM
		{B52297E1-20A0-4E73-8AE9-F8EBB07BE0CE}.Release|ARM.Deploy.0 = Release|ARM
		{B52297E1-20A0-4E73-8AE9-F8EBB07BE0CE}.Release|x64.ActiveCfg = Release|x64
		{B52297E1-20A0-4E73-8AE9-F8EBB07BE0CE}.Release|x64.Build.0 = Release|x64
		{B52297E1-20A0-4E73-8AE9-F8EBB07BE0CE}.Release|x64.Deploy.0 = Release|x64
		{B52297E1-20A0-4E73-8AE9-F8EBB07BE0CE}.Release|x86.ActiveCfg = Release|x86
		{B52297E1-20A0-4E73-8AE9-F8EBB07BE0CE}.Release|x86.Build.0 = Release|x86
		{B52297E1-20A0-4E73-8AE9-F8EBB07BE0CE}.Release|x86.Deploy.0 = Release|x86
	EndGlobalSection
	GlobalSection(SolutionProperties) = preSolution
		HideSolutionNode = FALSE
	EndGlobalSection
EndGlobal
